github.com/Harwinsyah/go-say-hello v1.0.0 h1:UfFYJVi4+TYTCjcC3u0vxSsKMGiqewgn8LxHxvNBPr0=
github.com/Harwinsyah/go-say-hello v1.0.0/go.mod h1:SSPF1ag4m5HVYvYHovTFNDvFOaWzdqknBeZ3q0EWHFw=
github.com/Harwinsyah/go-say-hello v1.5.0 h1:g3no2uPK9QwZptwwvnz7CHwys3TcYBfw4k8abF9xlBM=
github.com/Harwinsyah/go-say-hello v1.5.0/go.mod h1:SSPF1ag4m5HVYvYHovTFNDvFOaWzdqknBeZ3q0EWHFw=
github.com/Harwinsyah/go-say-hello/v2 v2.0.0 h1:RDuS+1oVMxkRQ2jgOgPO2r64V6zVT6jwBk2WHjLsXyM=
github.com/Harwinsyah/go-say-hello/v2 v2.0.0/go.mod h1:mH1ToAloEr/07U+YmZEjRTK4i1pjYRR/RMgHh6EU6Ac=
